
Microsoft Visual Studio Solution File, Format Version 12.00
# Visual Studio 14
VisualStudioVersion = 14.0.25420.1
MinimumVisualStudioVersion = 10.0.40219.1
Project("{FAE04EC0-301F-11D3-BF4B-00C04F79EFBC}") = "Hqub.MusicBrainz.API", "Hqub.MusicBrainz.API\Hqub.MusicBrainz.API.csproj", "{77832DED-EEFE-4DB9-94AF-B0BE02CEC356}"
EndProject
Project("{FAE04EC0-301F-11D3-BF4B-00C04F79EFBC}") = "Hqub.MusicBrainz.API.Test", "Hqub.MusicBrainz.API.Test\Hqub.MusicBrainz.API.Test.csproj", "{9EEBBF6D-80A1-4445-8D32-BA85EE2E13F2}"
EndProject
Project("{FAE04EC0-301F-11D3-BF4B-00C04F79EFBC}") = "Hqub.MusicBrainz.Client", "Hqub.MusicBrainz.Client\Hqub.MusicBrainz.Client.csproj", "{A30BD5FD-E8DF-454F-8280-9B1B7093785A}"
EndProject
Project("{FAE04EC0-301F-11D3-BF4B-00C04F79EFBC}") = "Hqub.MusicBrainz.API.Portable", "Hqub.MusicBrainz.API.Portable\Hqub.MusicBrainz.API.Portable.csproj", "{08D4701E-168C-43D1-9C6E-34B079CFD934}"
EndProject
Project("{FAE04EC0-301F-11D3-BF4B-00C04F79EFBC}") = "Hqub.MusicBrainz.API.UWP", "Hqub.MusicBrainz.API.UWP\Hqub.MusicBrainz.API.UWP.csproj", "{E2BF69EC-25BB-44B6-830F-1C383410DBE4}"
EndProject
Global
	GlobalSection(SolutionConfigurationPlatforms) = preSolution
		Debug|Any CPU = Debug|Any CPU
		Debug|ARM = Debug|ARM
		Debug|x64 = Debug|x64
		Debug|x86 = Debug|x86
		Release|Any CPU = Release|Any CPU
		Release|ARM = Release|ARM
		Release|x64 = Release|x64
		Release|x86 = Release|x86
		Travis|Any CPU = Travis|Any CPU
		Travis|ARM = Travis|ARM
		Travis|x64 = Travis|x64
		Travis|x86 = Travis|x86
	EndGlobalSection
	GlobalSection(ProjectConfigurationPlatforms) = postSolution
		{77832DED-EEFE-4DB9-94AF-B0BE02CEC356}.Debug|Any CPU.ActiveCfg = Debug|Any CPU
		{77832DED-EEFE-4DB9-94AF-B0BE02CEC356}.Debug|Any CPU.Build.0 = Debug|Any CPU
		{77832DED-EEFE-4DB9-94AF-B0BE02CEC356}.Debug|ARM.ActiveCfg = Debug|Any CPU
		{77832DED-EEFE-4DB9-94AF-B0BE02CEC356}.Debug|ARM.Build.0 = Debug|Any CPU
		{77832DED-EEFE-4DB9-94AF-B0BE02CEC356}.Debug|x64.ActiveCfg = Debug|Any CPU
		{77832DED-EEFE-4DB9-94AF-B0BE02CEC356}.Debug|x64.Build.0 = Debug|Any CPU
		{77832DED-EEFE-4DB9-94AF-B0BE02CEC356}.Debug|x86.ActiveCfg = Debug|Any CPU
		{77832DED-EEFE-4DB9-94AF-B0BE02CEC356}.Debug|x86.Build.0 = Debug|Any CPU
		{77832DED-EEFE-4DB9-94AF-B0BE02CEC356}.Release|Any CPU.ActiveCfg = Release|Any CPU
		{77832DED-EEFE-4DB9-94AF-B0BE02CEC356}.Release|Any CPU.Build.0 = Release|Any CPU
		{77832DED-EEFE-4DB9-94AF-B0BE02CEC356}.Release|ARM.ActiveCfg = Release|Any CPU
		{77832DED-EEFE-4DB9-94AF-B0BE02CEC356}.Release|ARM.Build.0 = Release|Any CPU
		{77832DED-EEFE-4DB9-94AF-B0BE02CEC356}.Release|x64.ActiveCfg = Release|Any CPU
		{77832DED-EEFE-4DB9-94AF-B0BE02CEC356}.Release|x64.Build.0 = Release|Any CPU
		{77832DED-EEFE-4DB9-94AF-B0BE02CEC356}.Release|x86.ActiveCfg = Release|Any CPU
		{77832DED-EEFE-4DB9-94AF-B0BE02CEC356}.Release|x86.Build.0 = Release|Any CPU
		{77832DED-EEFE-4DB9-94AF-B0BE02CEC356}.Travis|Any CPU.ActiveCfg = Travis|Any CPU
		{77832DED-EEFE-4DB9-94AF-B0BE02CEC356}.Travis|Any CPU.Build.0 = Travis|Any CPU
		{77832DED-EEFE-4DB9-94AF-B0BE02CEC356}.Travis|ARM.ActiveCfg = Travis|Any CPU
		{77832DED-EEFE-4DB9-94AF-B0BE02CEC356}.Travis|ARM.Build.0 = Travis|Any CPU
		{77832DED-EEFE-4DB9-94AF-B0BE02CEC356}.Travis|x64.ActiveCfg = Travis|Any CPU
		{77832DED-EEFE-4DB9-94AF-B0BE02CEC356}.Travis|x64.Build.0 = Travis|Any CPU
		{77832DED-EEFE-4DB9-94AF-B0BE02CEC356}.Travis|x86.ActiveCfg = Travis|Any CPU
		{77832DED-EEFE-4DB9-94AF-B0BE02CEC356}.Travis|x86.Build.0 = Travis|Any CPU
		{9EEBBF6D-80A1-4445-8D32-BA85EE2E13F2}.Debug|Any CPU.ActiveCfg = Debug|Any CPU
		{9EEBBF6D-80A1-4445-8D32-BA85EE2E13F2}.Debug|Any CPU.Build.0 = Debug|Any CPU
		{9EEBBF6D-80A1-4445-8D32-BA85EE2E13F2}.Debug|ARM.ActiveCfg = Debug|Any CPU
		{9EEBBF6D-80A1-4445-8D32-BA85EE2E13F2}.Debug|ARM.Build.0 = Debug|Any CPU
		{9EEBBF6D-80A1-4445-8D32-BA85EE2E13F2}.Debug|x64.ActiveCfg = Debug|Any CPU
		{9EEBBF6D-80A1-4445-8D32-BA85EE2E13F2}.Debug|x64.Build.0 = Debug|Any CPU
		{9EEBBF6D-80A1-4445-8D32-BA85EE2E13F2}.Debug|x86.ActiveCfg = Debug|Any CPU
		{9EEBBF6D-80A1-4445-8D32-BA85EE2E13F2}.Debug|x86.Build.0 = Debug|Any CPU
		{9EEBBF6D-80A1-4445-8D32-BA85EE2E13F2}.Release|Any CPU.ActiveCfg = Release|Any CPU
		{9EEBBF6D-80A1-4445-8D32-BA85EE2E13F2}.Release|Any CPU.Build.0 = Release|Any CPU
		{9EEBBF6D-80A1-4445-8D32-BA85EE2E13F2}.Release|ARM.ActiveCfg = Release|Any CPU
		{9EEBBF6D-80A1-4445-8D32-BA85EE2E13F2}.Release|ARM.Build.0 = Release|Any CPU
		{9EEBBF6D-80A1-4445-8D32-BA85EE2E13F2}.Release|x64.ActiveCfg = Release|Any CPU
		{9EEBBF6D-80A1-4445-8D32-BA85EE2E13F2}.Release|x64.Build.0 = Release|Any CPU
		{9EEBBF6D-80A1-4445-8D32-BA85EE2E13F2}.Release|x86.ActiveCfg = Release|Any CPU
		{9EEBBF6D-80A1-4445-8D32-BA85EE2E13F2}.Release|x86.Build.0 = Release|Any CPU
		{9EEBBF6D-80A1-4445-8D32-BA85EE2E13F2}.Travis|Any CPU.ActiveCfg = Travis|Any CPU
		{9EEBBF6D-80A1-4445-8D32-BA85EE2E13F2}.Travis|Any CPU.Build.0 = Travis|Any CPU
		{9EEBBF6D-80A1-4445-8D32-BA85EE2E13F2}.Travis|ARM.ActiveCfg = Travis|Any CPU
		{9EEBBF6D-80A1-4445-8D32-BA85EE2E13F2}.Travis|ARM.Build.0 = Travis|Any CPU
		{9EEBBF6D-80A1-4445-8D32-BA85EE2E13F2}.Travis|x64.ActiveCfg = Travis|Any CPU
		{9EEBBF6D-80A1-4445-8D32-BA85EE2E13F2}.Travis|x64.Build.0 = Travis|Any CPU
		{9EEBBF6D-80A1-4445-8D32-BA85EE2E13F2}.Travis|x86.ActiveCfg = Travis|Any CPU
		{9EEBBF6D-80A1-4445-8D32-BA85EE2E13F2}.Travis|x86.Build.0 = Travis|Any CPU
		{A30BD5FD-E8DF-454F-8280-9B1B7093785A}.Debug|Any CPU.ActiveCfg = Debug|Any CPU
		{A30BD5FD-E8DF-454F-8280-9B1B7093785A}.Debug|Any CPU.Build.0 = Debug|Any CPU
		{A30BD5FD-E8DF-454F-8280-9B1B7093785A}.Debug|ARM.ActiveCfg = Debug|Any CPU
		{A30BD5FD-E8DF-454F-8280-9B1B7093785A}.Debug|ARM.Build.0 = Debug|Any CPU
		{A30BD5FD-E8DF-454F-8280-9B1B7093785A}.Debug|x64.ActiveCfg = Debug|Any CPU
		{A30BD5FD-E8DF-454F-8280-9B1B7093785A}.Debug|x64.Build.0 = Debug|Any CPU
		{A30BD5FD-E8DF-454F-8280-9B1B7093785A}.Debug|x86.ActiveCfg = Debug|Any CPU
		{A30BD5FD-E8DF-454F-8280-9B1B7093785A}.Debug|x86.Build.0 = Debug|Any CPU
		{A30BD5FD-E8DF-454F-8280-9B1B7093785A}.Release|Any CPU.ActiveCfg = Release|Any CPU
		{A30BD5FD-E8DF-454F-8280-9B1B7093785A}.Release|Any CPU.Build.0 = Release|Any CPU
		{A30BD5FD-E8DF-454F-8280-9B1B7093785A}.Release|ARM.ActiveCfg = Release|Any CPU
		{A30BD5FD-E8DF-454F-8280-9B1B7093785A}.Release|ARM.Build.0 = Release|Any CPU
		{A30BD5FD-E8DF-454F-8280-9B1B7093785A}.Release|x64.ActiveCfg = Release|Any CPU
		{A30BD5FD-E8DF-454F-8280-9B1B7093785A}.Release|x64.Build.0 = Release|Any CPU
		{A30BD5FD-E8DF-454F-8280-9B1B7093785A}.Release|x86.ActiveCfg = Release|Any CPU
		{A30BD5FD-E8DF-454F-8280-9B1B7093785A}.Release|x86.Build.0 = Release|Any CPU
		{A30BD5FD-E8DF-454F-8280-9B1B7093785A}.Travis|Any CPU.ActiveCfg = Travis|Any CPU
		{A30BD5FD-E8DF-454F-8280-9B1B7093785A}.Travis|Any CPU.Build.0 = Travis|Any CPU
		{A30BD5FD-E8DF-454F-8280-9B1B7093785A}.Travis|ARM.ActiveCfg = Travis|Any CPU
		{A30BD5FD-E8DF-454F-8280-9B1B7093785A}.Travis|ARM.Build.0 = Travis|Any CPU
		{A30BD5FD-E8DF-454F-8280-9B1B7093785A}.Travis|x64.ActiveCfg = Travis|Any CPU
		{A30BD5FD-E8DF-454F-8280-9B1B7093785A}.Travis|x64.Build.0 = Travis|Any CPU
		{A30BD5FD-E8DF-454F-8280-9B1B7093785A}.Travis|x86.ActiveCfg = Travis|Any CPU
		{A30BD5FD-E8DF-454F-8280-9B1B7093785A}.Travis|x86.Build.0 = Travis|Any CPU
		{08D4701E-168C-43D1-9C6E-34B079CFD934}.Debug|Any CPU.ActiveCfg = Debug|Any CPU
		{08D4701E-168C-43D1-9C6E-34B079CFD934}.Debug|Any CPU.Build.0 = Debug|Any CPU
		{08D4701E-168C-43D1-9C6E-34B079CFD934}.Debug|ARM.ActiveCfg = Debug|Any CPU
		{08D4701E-168C-43D1-9C6E-34B079CFD934}.Debug|ARM.Build.0 = Debug|Any CPU
		{08D4701E-168C-43D1-9C6E-34B079CFD934}.Debug|x64.ActiveCfg = Debug|Any CPU
		{08D4701E-168C-43D1-9C6E-34B079CFD934}.Debug|x64.Build.0 = Debug|Any CPU
		{08D4701E-168C-43D1-9C6E-34B079CFD934}.Debug|x86.ActiveCfg = Debug|Any CPU
		{08D4701E-168C-43D1-9C6E-34B079CFD934}.Debug|x86.Build.0 = Debug|Any CPU
		{08D4701E-168C-43D1-9C6E-34B079CFD934}.Release|Any CPU.ActiveCfg = Release|Any CPU
		{08D4701E-168C-43D1-9C6E-34B079CFD934}.Release|Any CPU.Build.0 = Release|Any CPU
		{08D4701E-168C-43D1-9C6E-34B079CFD934}.Release|ARM.ActiveCfg = Release|Any CPU
		{08D4701E-168C-43D1-9C6E-34B079CFD934}.Release|ARM.Build.0 = Release|Any CPU
		{08D4701E-168C-43D1-9C6E-34B079CFD934}.Release|x64.ActiveCfg = Release|Any CPU
		{08D4701E-168C-43D1-9C6E-34B079CFD934}.Release|x64.Build.0 = Release|Any CPU
		{08D4701E-168C-43D1-9C6E-34B079CFD934}.Release|x86.ActiveCfg = Release|Any CPU
		{08D4701E-168C-43D1-9C6E-34B079CFD934}.Release|x86.Build.0 = Release|Any CPU
		{08D4701E-168C-43D1-9C6E-34B079CFD934}.Travis|Any CPU.ActiveCfg = Travis|Any CPU
		{08D4701E-168C-43D1-9C6E-34B079CFD934}.Travis|ARM.ActiveCfg = Travis|Any CPU
		{08D4701E-168C-43D1-9C6E-34B079CFD934}.Travis|ARM.Build.0 = Travis|Any CPU
		{08D4701E-168C-43D1-9C6E-34B079CFD934}.Travis|x64.ActiveCfg = Travis|Any CPU
		{08D4701E-168C-43D1-9C6E-34B079CFD934}.Travis|x64.Build.0 = Travis|Any CPU
		{08D4701E-168C-43D1-9C6E-34B079CFD934}.Travis|x86.ActiveCfg = Travis|Any CPU
		{08D4701E-168C-43D1-9C6E-34B079CFD934}.Travis|x86.Build.0 = Travis|Any CPU
		{E2BF69EC-25BB-44B6-830F-1C383410DBE4}.Debug|Any CPU.ActiveCfg = Debug|Any CPU
		{E2BF69EC-25BB-44B6-830F-1C383410DBE4}.Debug|Any CPU.Build.0 = Debug|Any CPU
		{E2BF69EC-25BB-44B6-830F-1C383410DBE4}.Debug|ARM.ActiveCfg = Debug|ARM
		{E2BF69EC-25BB-44B6-830F-1C383410DBE4}.Debug|ARM.Build.0 = Debug|ARM
		{E2BF69EC-25BB-44B6-830F-1C383410DBE4}.Debug|x64.ActiveCfg = Debug|x64
		{E2BF69EC-25BB-44B6-830F-1C383410DBE4}.Debug|x64.Build.0 = Debug|x64
		{E2BF69EC-25BB-44B6-830F-1C383410DBE4}.Debug|x86.ActiveCfg = Debug|x86
		{E2BF69EC-25BB-44B6-830F-1C383410DBE4}.Debug|x86.Build.0 = Debug|x86
		{E2BF69EC-25BB-44B6-830F-1C383410DBE4}.Release|Any CPU.ActiveCfg = Release|Any CPU
		{E2BF69EC-25BB-44B6-830F-1C383410DBE4}.Release|Any CPU.Build.0 = Release|Any CPU
		{E2BF69EC-25BB-44B6-830F-1C383410DBE4}.Release|ARM.ActiveCfg = Release|ARM
		{E2BF69EC-25BB-44B6-830F-1C383410DBE4}.Release|ARM.Build.0 = Release|ARM
		{E2BF69EC-25BB-44B6-830F-1C383410DBE4}.Release|x64.ActiveCfg = Release|x64
		{E2BF69EC-25BB-44B6-830F-1C383410DBE4}.Release|x64.Build.0 = Release|x64
		{E2BF69EC-25BB-44B6-830F-1C383410DBE4}.Release|x86.ActiveCfg = Release|x86
		{E2BF69EC-25BB-44B6-830F-1C383410DBE4}.Release|x86.Build.0 = Release|x86
		{E2BF69EC-25BB-44B6-830F-1C383410DBE4}.Travis|Any CPU.ActiveCfg = Release|Any CPU
		{E2BF69EC-25BB-44B6-830F-1C383410DBE4}.Travis|Any CPU.Build.0 = Release|Any CPU
		{E2BF69EC-25BB-44B6-830F-1C383410DBE4}.Travis|ARM.ActiveCfg = Release|ARM
		{E2BF69EC-25BB-44B6-830F-1C383410DBE4}.Travis|ARM.Build.0 = Release|ARM
		{E2BF69EC-25BB-44B6-830F-1C383410DBE4}.Travis|x64.ActiveCfg = Release|x64
		{E2BF69EC-25BB-44B6-830F-1C383410DBE4}.Travis|x64.Build.0 = Release|x64
		{E2BF69EC-25BB-44B6-830F-1C383410DBE4}.Travis|x86.ActiveCfg = Release|x86
		{E2BF69EC-25BB-44B6-830F-1C383410DBE4}.Travis|x86.Build.0 = Release|x86
	EndGlobalSection
	GlobalSection(SolutionProperties) = preSolution
		HideSolutionNode = FALSE
	EndGlobalSection
EndGlobal
